{
  "name": "portfolio",
  "version": "1.0.0",
  "lockfileVersion": 3,
  "requires": true,
  "packages": {
    "": {
      "name": "portfolio",
      "version": "1.0.0",
      "dependencies": {
        "@google/generative-ai": "^0.21.1"
      }
    },
    "node_modules/@google/generative-ai": {
      "version": "0.21.1",
      "resolved": "https://registry.npmjs.org/@google/generative-ai/-/generative-ai-0.21.1.tgz",
      "integrity": "sha512-7i5f7cMk4S9ewk8rE0d2z8zM5q2f/fI4Zq79mD+4uSBw==",
      "engines": {
        "node": ">=18.0.0"
      }
    }
  },
  "dependencies": {
    "@google/generative-ai": {
      "version": "0.21.1",
      "resolved": "https://registry.npmjs.org/@google/generative-ai/-/generative-ai-0.21.1.tgz",
      "integrity": "sha512-7i5f7cMk4S9ewk8rE0d2z8zM5q2f/fI4Zq7q9mD+4uSBw=="
    }
  }
}

Add: package-lock.json limpio con @google/generative-ai
